<?xml version="1.0" encoding="utf-8"?>
<Project ToolsVersion="4.0" xmlns="http://schemas.microsoft.com/developer/msbuild/2003">
  <ItemGroup>
    <Filter Include="Source Files">
      <UniqueIdentifier>{4FC737F1-C7A5-4376-A066-2A32D752A2FF}</UniqueIdentifier>
      <Extensions>cpp;c;cc;cxx;c++;cppm;ixx;def;odl;idl;hpj;bat;asm;asmx</Extensions>
    </Filter>
    <Filter Include="Header Files">
      <UniqueIdentifier>{93995380-89BD-4b04-88EB-625FBE52EBFB}</UniqueIdentifier>
      <Extensions>h;hh;hpp;hxx;h++;hm;inl;inc;ipp;xsd</Extensions>
    </Filter>
    <Filter Include="Resource Files">
      <UniqueIdentifier>{67DA6AB6-F800-4c08-8B7A-83BB121AAD01}</UniqueIdentifier>
      <Extensions>rc;ico;cur;bmp;dlg;rc2;rct;bin;rgs;gif;jpg;jpeg;jpe;resx;tiff;tif;png;wav;mfcribbon-ms</Extensions>
    </Filter>
  </ItemGroup>
  <ItemGroup>
    <ClCompile Include="src\Main.cpp">
      <Filter>Source Files</Filter>
    </ClCompile>
    <ClCompile Include="src\Window\Window.cpp">
      <Filter>Source Files</Filter>
    </ClCompile>
    <ClCompile Include="src\Core\Collision.cpp">
      <Filter>Source Files</Filter>
    </ClCompile>
    <ClCompile Include="src\Core\Input.cpp">
      <Filter>Source Files</Filter>
    </ClCompile>
    <ClCompile Include="src\Core\Sprite.cpp">
      <Filter>Source Files</Filter>
    </ClCompile>
    <ClCompile Include="src\GameController.cpp">
      <Filter>Source Files</Filter>
    </ClCompile>
    <ClCompile Include="src\Camera\Camera.cpp">
      <Filter>Source Files</Filter>
    </ClCompile>
    <ClCompile Include="src\FileHandler\sfh_file.cpp">
      <Filter>Source Files</Filter>
    </ClCompile>
    <ClCompile Include="src\FileHandler\sfh_read_file.cpp">
      <Filter>Source Files</Filter>
    </ClCompile>
    <ClCompile Include="src\FileHandler\sfh_write_file.cpp">
      <Filter>Source Files</Filter>
    </ClCompile>
    <ClCompile Include="src\Map\Map.cpp">
      <Filter>Source Files</Filter>
    </ClCompile>
    <ClCompile Include="src\Map\Region\Kanto\Pallet Town\PalletTown.cpp">
      <Filter>Source Files</Filter>
    </ClCompile>
    <ClCompile Include="src\Draw\Draw.cpp">
      <Filter>Source Files</Filter>
    </ClCompile>
    <ClCompile Include="src\Scene\Scene.cpp">
      <Filter>Source Files</Filter>
    </ClCompile>
    <ClCompile Include="src\Dialog\DialogManager.cpp">
      <Filter>Source Files</Filter>
    </ClCompile>
    <ClCompile Include="src\Character\Character.cpp">
      <Filter>Source Files</Filter>
    </ClCompile>
    <ClCompile Include="src\Character\Trainer.cpp">
      <Filter>Source Files</Filter>
    </ClCompile>
    <ClCompile Include="src\Character\Npc.cpp">
      <Filter>Source Files</Filter>
    </ClCompile>
    <ClCompile Include="src\Character\PlayerController.cpp">
      <Filter>Source Files</Filter>
    </ClCompile>
    <ClCompile Include="src\Map\Region\Kanto\Routes\Route1.cpp">
      <Filter>Source Files</Filter>
    </ClCompile>
    <ClCompile Include="src\Character\NpcController.cpp">
      <Filter>Source Files</Filter>
    </ClCompile>
    <ClCompile Include="src\Pokes\Pokemon.cpp">
      <Filter>Source Files</Filter>
    </ClCompile>
    <ClCompile Include="src\Pokes\TypeChart.cpp">
      <Filter>Source Files</Filter>
    </ClCompile>
    <ClCompile Include="src\Pokes\Moves\Move.cpp">
      <Filter>Source Files</Filter>
    </ClCompile>
    <ClCompile Include="src\Pokes\Gen1\Bulbasaur.cpp">
      <Filter>Source Files</Filter>
    </ClCompile>
    <ClCompile Include="src\Pokes\Gen1\Charmander.cpp">
      <Filter>Source Files</Filter>
    </ClCompile>
    <ClCompile Include="src\Pokes\Gen1\Pidgey.cpp">
      <Filter>Source Files</Filter>
    </ClCompile>
    <ClCompile Include="src\Pokes\Gen1\Rattata.cpp">
      <Filter>Source Files</Filter>
    </ClCompile>
    <ClCompile Include="src\Pokes\Gen1\Squirtle.cpp">
      <Filter>Source Files</Filter>
    </ClCompile>
    <ClCompile Include="src\Battle\BattleHUD.cpp">
      <Filter>Source Files</Filter>
    </ClCompile>
    <ClCompile Include="src\Battle\BattlePokemon.cpp">
      <Filter>Source Files</Filter>
    </ClCompile>
    <ClCompile Include="src\Battle\BattleSystem.cpp">
      <Filter>Source Files</Filter>
    </ClCompile>
    <ClCompile Include="src\Battle\BattleTrainer.cpp">
      <Filter>Source Files</Filter>
    </ClCompile>
    <ClCompile Include="src\Battle\BattleDialog.cpp">
      <Filter>Source Files</Filter>
    </ClCompile>
    <ClCompile Include="src\Pokes\Gen1\Mew.cpp">
      <Filter>Source Files</Filter>
    </ClCompile>
    <ClCompile Include="src\Pokes\Gen1\Charizard.cpp">
      <Filter>Source Files</Filter>
    </ClCompile>
    <ClCompile Include="src\Map\Region\Kanto\Pallet Town\OakLab.cpp">
      <Filter>Source Files</Filter>
    </ClCompile>
    <ClCompile Include="src\Map\Region\Kanto\Routes\RouteStop.cpp">
      <Filter>Source Files</Filter>
    </ClCompile>
    <ClCompile Include="src\Map\Region\Kanto\Viridian City\ViridianCity.cpp">
      <Filter>Source Files</Filter>
    </ClCompile>
  </ItemGroup>
  <ItemGroup>
    <None Include="libfreetype-6.dll" />
    <None Include="libjpeg-9.dll" />
    <None Include="libpng16-16.dll" />
    <None Include="libtiff-5.dll" />
    <None Include="libwebp-7.dll" />
    <None Include="SDL2.dll" />
    <None Include="SDL2_image.dll" />
    <None Include="SDL2_ttf.dll" />
    <None Include="zlib1.dll" />
  </ItemGroup>
  <ItemGroup>
    <ClInclude Include="src\Window\Window.h">
      <Filter>Header Files</Filter>
    </ClInclude>
    <ClInclude Include="src\Core\Collision.h">
      <Filter>Header Files</Filter>
    </ClInclude>
    <ClInclude Include="src\Core\Input.h">
      <Filter>Header Files</Filter>
    </ClInclude>
    <ClInclude Include="src\Core\Random.h">
      <Filter>Header Files</Filter>
    </ClInclude>
    <ClInclude Include="src\Core\Sprite.h">
      <Filter>Header Files</Filter>
    </ClInclude>
    <ClInclude Include="src\GameController.h">
      <Filter>Header Files</Filter>
    </ClInclude>
    <ClInclude Include="src\Camera\Camera.h">
      <Filter>Header Files</Filter>
    </ClInclude>
    <ClInclude Include="src\Map\Map.h">
      <Filter>Header Files</Filter>
    </ClInclude>
    <ClInclude Include="src\FileHandler\sfh_def.h">
      <Filter>Header Files</Filter>
    </ClInclude>
    <ClInclude Include="src\FileHandler\sfh_file.h">
      <Filter>Header Files</Filter>
    </ClInclude>
    <ClInclude Include="src\FileHandler\sfh_read_file.h">
      <Filter>Header Files</Filter>
    </ClInclude>
    <ClInclude Include="src\FileHandler\sfh_write_file.h">
      <Filter>Header Files</Filter>
    </ClInclude>
    <ClInclude Include="src\FileHandler\simple_file_handler.h">
      <Filter>Header Files</Filter>
    </ClInclude>
    <ClInclude Include="src\Core\SpriteEntity.h">
      <Filter>Header Files</Filter>
    </ClInclude>
    <ClInclude Include="src\Map\Region\Kanto\Pallet Town\PalletTown.h">
      <Filter>Header Files</Filter>
    </ClInclude>
    <ClInclude Include="src\Draw\Draw.h">
      <Filter>Header Files</Filter>
    </ClInclude>
    <ClInclude Include="src\Scene\Scene.h">
      <Filter>Header Files</Filter>
    </ClInclude>
    <ClInclude Include="src\Character\Character.h">
      <Filter>Header Files</Filter>
    </ClInclude>
    <ClInclude Include="src\UI\Text.h">
      <Filter>Header Files</Filter>
    </ClInclude>
    <ClInclude Include="src\Dialog\Dialog.h">
      <Filter>Header Files</Filter>
    </ClInclude>
    <ClInclude Include="src\Dialog\DialogManager.h">
      <Filter>Header Files</Filter>
    </ClInclude>
    <ClInclude Include="src\Character\Trainer.h">
      <Filter>Header Files</Filter>
    </ClInclude>
    <ClInclude Include="src\Character\Npc.h">
      <Filter>Header Files</Filter>
    </ClInclude>
    <ClInclude Include="src\Character\PlayerController.h">
      <Filter>Header Files</Filter>
    </ClInclude>
    <ClInclude Include="src\Map\Region\Kanto\Routes\Route1.h">
      <Filter>Header Files</Filter>
    </ClInclude>
    <ClInclude Include="src\Core\Vector2.h">
      <Filter>Header Files</Filter>
    </ClInclude>
    <ClInclude Include="src\Map\SpawnPokes.h">
      <Filter>Header Files</Filter>
    </ClInclude>
    <ClInclude Include="src\Character\NpcController.h">
      <Filter>Header Files</Filter>
    </ClInclude>
    <ClInclude Include="src\Character\NpcPattern.h">
      <Filter>Header Files</Filter>
    </ClInclude>
    <ClInclude Include="src\Pokes\LearnableMove.h">
      <Filter>Header Files</Filter>
    </ClInclude>
    <ClInclude Include="src\Pokes\Pokemon.h">
      <Filter>Header Files</Filter>
    </ClInclude>
    <ClInclude Include="src\Pokes\SpawnPokes.h">
      <Filter>Header Files</Filter>
    </ClInclude>
    <ClInclude Include="src\Pokes\TypeChart.h">
      <Filter>Header Files</Filter>
    </ClInclude>
    <ClInclude Include="src\Pokes\Moves\Move.h">
      <Filter>Header Files</Filter>
    </ClInclude>
    <ClInclude Include="src\Pokes\Moves\Type.h">
      <Filter>Header Files</Filter>
    </ClInclude>
    <ClInclude Include="src\Pokes\Gen1\Bulbasaur.h">
      <Filter>Header Files</Filter>
    </ClInclude>
    <ClInclude Include="src\Pokes\Gen1\Charmander.h">
      <Filter>Header Files</Filter>
    </ClInclude>
    <ClInclude Include="src\Pokes\Gen1\Pidgey.h">
      <Filter>Header Files</Filter>
    </ClInclude>
    <ClInclude Include="src\Pokes\Gen1\Rattata.h">
      <Filter>Header Files</Filter>
    </ClInclude>
    <ClInclude Include="src\Pokes\Gen1\Squirtle.h">
      <Filter>Header Files</Filter>
    </ClInclude>
    <ClInclude Include="src\Battle\BattleHUD.h">
      <Filter>Header Files</Filter>
    </ClInclude>
    <ClInclude Include="src\Battle\BattlePokemon.h">
      <Filter>Header Files</Filter>
    </ClInclude>
    <ClInclude Include="src\Battle\BattleSystem.h">
      <Filter>Header Files</Filter>
    </ClInclude>
    <ClInclude Include="src\Battle\BattleTrainer.h">
      <Filter>Header Files</Filter>
    </ClInclude>
    <ClInclude Include="src\Core\IncludePokes.h">
      <Filter>Header Files</Filter>
    </ClInclude>
    <ClInclude Include="src\Battle\BattleDialog.h">
      <Filter>Header Files</Filter>
    </ClInclude>
    <ClInclude Include="src\Interfaces\ISpawnPokemon.h">
      <Filter>Header Files</Filter>
    </ClInclude>
    <ClInclude Include="src\Pokes\Gen1\Mew.h">
      <Filter>Header Files</Filter>
    </ClInclude>
    <ClInclude Include="src\Map\Checkpoint.h">
      <Filter>Header Files</Filter>
    </ClInclude>
    <ClInclude Include="src\Pokes\Gen1\Charizard.h">
      <Filter>Header Files</Filter>
    </ClInclude>
    <ClInclude Include="src\Map\ICheckpoint.h">
      <Filter>Header Files</Filter>
    </ClInclude>
    <ClInclude Include="src\Map\Region\Kanto\Pallet Town\OakLab.h">
      <Filter>Header Files</Filter>
    </ClInclude>
    <ClInclude Include="src\Quest\Quest.h">
      <Filter>Header Files</Filter>
    </ClInclude>
    <ClInclude Include="src\Map\Region\Kanto\Routes\RouteStop.h">
      <Filter>Header Files</Filter>
    </ClInclude>
    <ClInclude Include="src\Map\Region\Kanto\Viridian City\ViridianCity.h">
      <Filter>Header Files</Filter>
    </ClInclude>
  </ItemGroup>
</Project>